
Microsoft Visual Studio Solution File, Format Version 12.00
# Visual Studio 15
Project("{FAE04EC0-301F-11D3-BF4B-00C04F79EFBC}") = "Assembly-CSharp", "Assembly-CSharp.csproj", "{D51DBFA1-EA56-AAD3-3091-664BCCBB9AFB}"
EndProject
Project("{FAE04EC0-301F-11D3-BF4B-00C04F79EFBC}") = "Unity.2D.Tilemap.Extras", "Unity.2D.Tilemap.Extras.csproj", "{EB3AEDB5-7CBB-758E-438D-5273037973A5}"
EndProject
Project("{FAE04EC0-301F-11D3-BF4B-00C04F79EFBC}") = "Unity.2D.Tilemap.Extras.Editor", "Unity.2D.Tilemap.Extras.Editor.csproj", "{92C8A387-F82C-7DA3-22F3-EDF299BDE503}"
EndProject
Project("{FAE04EC0-301F-11D3-BF4B-00C04F79EFBC}") = "Unity.2D.Tilemap.Extras.Placeholder.EditorTests", "Unity.2D.Tilemap.Extras.Placeholder.EditorTests.csproj", "{01319841-C904-30FE-CF7E-B87025A78593}"
EndProject
Global
	GlobalSection(SolutionConfigurationPlatforms) = preSolution
		Debug|Any CPU = Debug|Any CPU
		Release|Any CPU = Release|Any CPU
	EndGlobalSection
	GlobalSection(ProjectConfigurationPlatforms) = postSolution
		{D51DBFA1-EA56-AAD3-3091-664BCCBB9AFB}.Debug|Any CPU.ActiveCfg = Debug|Any CPU
		{D51DBFA1-EA56-AAD3-3091-664BCCBB9AFB}.Debug|Any CPU.Build.0 = Debug|Any CPU
		{D51DBFA1-EA56-AAD3-3091-664BCCBB9AFB}.Release|Any CPU.ActiveCfg = Release|Any CPU
		{D51DBFA1-EA56-AAD3-3091-664BCCBB9AFB}.Release|Any CPU.Build.0 = Release|Any CPU
		{EB3AEDB5-7CBB-758E-438D-5273037973A5}.Debug|Any CPU.ActiveCfg = Debug|Any CPU
		{EB3AEDB5-7CBB-758E-438D-5273037973A5}.Debug|Any CPU.Build.0 = Debug|Any CPU
		{EB3AEDB5-7CBB-758E-438D-5273037973A5}.Release|Any CPU.ActiveCfg = Release|Any CPU
		{EB3AEDB5-7CBB-758E-438D-5273037973A5}.Release|Any CPU.Build.0 = Release|Any CPU
		{92C8A387-F82C-7DA3-22F3-EDF299BDE503}.Debug|Any CPU.ActiveCfg = Debug|Any CPU
		{92C8A387-F82C-7DA3-22F3-EDF299BDE503}.Debug|Any CPU.Build.0 = Debug|Any CPU
		{92C8A387-F82C-7DA3-22F3-EDF299BDE503}.Release|Any CPU.ActiveCfg = Release|Any CPU
		{92C8A387-F82C-7DA3-22F3-EDF299BDE503}.Release|Any CPU.Build.0 = Release|Any CPU
		{01319841-C904-30FE-CF7E-B87025A78593}.Debug|Any CPU.ActiveCfg = Debug|Any CPU
		{01319841-C904-30FE-CF7E-B87025A78593}.Debug|Any CPU.Build.0 = Debug|Any CPU
		{01319841-C904-30FE-CF7E-B87025A78593}.Release|Any CPU.ActiveCfg = Release|Any CPU
		{01319841-C904-30FE-CF7E-B87025A78593}.Release|Any CPU.Build.0 = Release|Any CPU
	EndGlobalSection
	GlobalSection(SolutionProperties) = preSolution
		HideSolutionNode = FALSE
	EndGlobalSection
EndGlobal
